
Microsoft Visual Studio Solution File, Format Version 12.00
# Visual Studio Version 16
VisualStudioVersion = 16.0.810.8
MinimumVisualStudioVersion = 10.0.40219.1
Project("{FAE04EC0-301F-11D3-BF4B-00C04F79EFBC}") = "Parser", "Parser\Parser.csproj", "{5F8C5B44-AF97-4749-A6C6-8CE1979E2DE5}"
EndProject
Global
	GlobalSection(SolutionConfigurationPlatforms) = preSolution
		Debug|Any CPU = Debug|Any CPU
		Release|Any CPU = Release|Any CPU
	EndGlobalSection
	GlobalSection(ProjectConfigurationPlatforms) = postSolution
		{5F8C5B44-AF97-4749-A6C6-8CE1979E2DE5}.Debug|Any CPU.ActiveCfg = Debug|Any CPU
		{5F8C5B44-AF97-4749-A6C6-8CE1979E2DE5}.Debug|Any CPU.Build.0 = Debug|Any CPU
		{5F8C5B44-AF97-4749-A6C6-8CE1979E2DE5}.Release|Any CPU.ActiveCfg = Release|Any CPU
		{5F8C5B44-AF97-4749-A6C6-8CE1979E2DE5}.Release|Any CPU.Build.0 = Release|Any CPU
	EndGlobalSection
	GlobalSection(SolutionProperties) = preSolution
		HideSolutionNode = FALSE
	EndGlobalSection
	GlobalSection(ExtensibilityGlobals) = postSolution
		SolutionGuid = {D756DD39-A28D-464F-9B99-50208003C3BD}
	EndGlobalSection
EndGlobal
